
Microsoft Visual Studio Solution File, Format Version 12.00
# Visual Studio Version 17
VisualStudioVersion = 17.3.32825.248
MinimumVisualStudioVersion = 10.0.40219.1
Project("{FAE04EC0-301F-11D3-BF4B-00C04F79EFBC}") = "ES_For_Auditorium", "ES_For_Auditorium\ES_For_Auditorium.csproj", "{8E85D40C-9694-42E8-B7D3-A795851E43F5}"
EndProject
Global
	GlobalSection(SolutionConfigurationPlatforms) = preSolution
		Debug|Any CPU = Debug|Any CPU
		Release|Any CPU = Release|Any CPU
	EndGlobalSection
	GlobalSection(ProjectConfigurationPlatforms) = postSolution
		{8E85D40C-9694-42E8-B7D3-A795851E43F5}.Debug|Any CPU.ActiveCfg = Debug|Any CPU
		{8E85D40C-9694-42E8-B7D3-A795851E43F5}.Debug|Any CPU.Build.0 = Debug|Any CPU
		{8E85D40C-9694-42E8-B7D3-A795851E43F5}.Release|Any CPU.ActiveCfg = Release|Any CPU
		{8E85D40C-9694-42E8-B7D3-A795851E43F5}.Release|Any CPU.Build.0 = Release|Any CPU
	EndGlobalSection
	GlobalSection(SolutionProperties) = preSolution
		HideSolutionNode = FALSE
	EndGlobalSection
	GlobalSection(ExtensibilityGlobals) = postSolution
		SolutionGuid = {C0E26A35-3983-4F1B-9D52-A13E4674F5BE}
	EndGlobalSection
EndGlobal
